<?xml version="1.0" encoding="utf-8"?>
<Project ToolsVersion="4.0" xmlns="http://schemas.microsoft.com/developer/msbuild/2003">
  <ItemGroup>
    <FxCompile Include="Ball.fx" />
    <FxCompile Include="BoundingBox.fx" />
    <FxCompile Include="GeometryShader.fx" />
    <FxCompile Include="BlockShader.fx" />
    <FxCompile Include="PixelShader.fx" />
    <FxCompile Include="VertexShader.fx" />
  </ItemGroup>
  <ItemGroup>
    <ClCompile Include="ABlock.cpp" />
    <ClCompile Include="Block.cpp" />
    <ClCompile Include="AABB.cpp" />
    <ClCompile Include="Ball.cpp" />
    <ClCompile Include="BoundingVolume.cpp" />
    <ClCompile Include="Buffer.cpp" />
    <ClCompile Include="d3dApp.cpp" />
    <ClCompile Include="Direct3D.cpp" />
    <ClCompile Include="LevelGenerator.cpp" />
    <ClCompile Include="Object.cpp" />
    <ClCompile Include="Shader.cpp" />
    <ClCompile Include="Game.cpp" />
    <ClCompile Include="GameTimer.cpp" />
    <ClCompile Include="HIDObservable.cpp" />
    <ClCompile Include="Observer.cpp" />
    <ClCompile Include="Pad.cpp" />
    <ClCompile Include="Player.cpp" />
    <ClCompile Include="Sphere.cpp" />
    <ClCompile Include="WinHID.cpp" />
    <ClCompile Include="WinKeyboard.cpp" />
    <ClCompile Include="WinMouse.cpp" />
  </ItemGroup>
  <ItemGroup>
    <ClInclude Include="ABlock.h" />
    <ClInclude Include="Block.h" />
    <ClInclude Include="AABB.h" />
    <ClInclude Include="Ball.h" />
    <ClInclude Include="BoundingVolume.h" />
    <ClInclude Include="Buffer.h" />
    <ClInclude Include="d3dApp.h" />
    <ClInclude Include="d3dUtil.h" />
    <ClInclude Include="Direct3D.h" />
    <ClInclude Include="Game.h" />
    <ClInclude Include="LevelGenerator.h" />
    <ClInclude Include="Object.h" />
    <ClInclude Include="resource.h" />
    <ClInclude Include="Shader.h" />
    <ClInclude Include="GameTimer.h" />
    <ClInclude Include="HIDObservable.h" />
    <ClInclude Include="Observer.h" />
    <ClInclude Include="Pad.h" />
    <ClInclude Include="Player.h" />
    <ClInclude Include="Sphere.h" />
    <ClInclude Include="WinHID.h" />
    <ClInclude Include="WinKeyboard.h" />
    <ClInclude Include="WinMouse.h" />
  </ItemGroup>
  <ItemGroup>
    <ResourceCompile Include="Space-out.rc" />
  </ItemGroup>
</Project>