<?xml version="1.0" encoding="utf-8"?>
<Project ToolsVersion="4.0" xmlns="http://schemas.microsoft.com/developer/msbuild/2003">
  <ItemGroup>
    <FxCompile Include="Ball.fx">
      <Filter>D3D\HLSL</Filter>
    </FxCompile>
    <FxCompile Include="BoundingBox.fx">
      <Filter>D3D\HLSL</Filter>
    </FxCompile>
    <FxCompile Include="BlockShader.fx">
      <Filter>D3D\HLSL</Filter>
    </FxCompile>
    <FxCompile Include="GeometryShader.fx">
      <Filter>D3D\HLSL</Filter>
    </FxCompile>
    <FxCompile Include="PixelShader.fx">
      <Filter>D3D\HLSL</Filter>
    </FxCompile>
    <FxCompile Include="VertexShader.fx">
      <Filter>D3D\HLSL</Filter>
    </FxCompile>
    <FxCompile Include="SkyBox.fx">
      <Filter>D3D\HLSL</Filter>
    </FxCompile>
    <FxCompile Include="Font.fx">
      <Filter>D3D\HLSL</Filter>
    </FxCompile>
    <FxCompile Include="BorderShader.fx">
      <Filter>D3D\HLSL</Filter>
    </FxCompile>
  </ItemGroup>
  <ItemGroup>
    <ClCompile Include="Buffer.cpp">
      <Filter>D3D</Filter>
    </ClCompile>
    <ClCompile Include="d3dApp.cpp">
      <Filter>D3D</Filter>
    </ClCompile>
    <ClCompile Include="Direct3D.cpp">
      <Filter>D3D</Filter>
    </ClCompile>
    <ClCompile Include="Shader.cpp">
      <Filter>D3D</Filter>
    </ClCompile>
    <ClCompile Include="Game.cpp">
      <Filter>Game</Filter>
    </ClCompile>
    <ClCompile Include="Player.cpp">
      <Filter>Game</Filter>
    </ClCompile>
    <ClCompile Include="WinHID.cpp">
      <Filter>WinHID</Filter>
    </ClCompile>
    <ClCompile Include="WinMouse.cpp">
      <Filter>WinHID</Filter>
    </ClCompile>
    <ClCompile Include="WinKeyboard.cpp">
      <Filter>WinHID</Filter>
    </ClCompile>
    <ClCompile Include="Observer.cpp">
      <Filter>Observer</Filter>
    </ClCompile>
    <ClCompile Include="HIDObservable.cpp">
      <Filter>Observer</Filter>
    </ClCompile>
    <ClCompile Include="AABB.cpp">
      <Filter>Object</Filter>
    </ClCompile>
    <ClCompile Include="ABlock.cpp">
      <Filter>Object</Filter>
    </ClCompile>
    <ClCompile Include="Ball.cpp">
      <Filter>Object</Filter>
    </ClCompile>
    <ClCompile Include="Block.cpp">
      <Filter>Object</Filter>
    </ClCompile>
    <ClCompile Include="BoundingVolume.cpp">
      <Filter>Object</Filter>
    </ClCompile>
    <ClCompile Include="Object.cpp">
      <Filter>Object</Filter>
    </ClCompile>
    <ClCompile Include="Pad.cpp">
      <Filter>Object</Filter>
    </ClCompile>
    <ClCompile Include="Sphere.cpp">
      <Filter>Object</Filter>
    </ClCompile>
    <ClCompile Include="LevelGenerator.cpp">
      <Filter>Level</Filter>
    </ClCompile>
    <ClCompile Include="PlayField.cpp">
      <Filter>Level</Filter>
    </ClCompile>
    <ClCompile Include="D3DTexture.cpp">
      <Filter>Texture</Filter>
    </ClCompile>
    <ClCompile Include="WICTextureLoader.cpp">
      <Filter>Texture</Filter>
    </ClCompile>
    <ClCompile Include="PowerUp.cpp">
      <Filter>Powerups</Filter>
    </ClCompile>
    <ClCompile Include="PUBiggerPad.cpp">
      <Filter>Powerups</Filter>
    </ClCompile>
    <ClCompile Include="PUFasterBall.cpp">
      <Filter>Powerups</Filter>
    </ClCompile>
    <ClCompile Include="PUSlowerBall.cpp">
      <Filter>Powerups</Filter>
    </ClCompile>
    <ClCompile Include="PUSmallerPad.cpp">
      <Filter>Powerups</Filter>
    </ClCompile>
    <ClCompile Include="PUStickyPad.cpp">
      <Filter>Powerups</Filter>
    </ClCompile>
    <ClCompile Include="PUObservable.cpp">
      <Filter>Powerups\Observer</Filter>
    </ClCompile>
    <ClCompile Include="PUObserver.cpp">
      <Filter>Powerups\Observer</Filter>
    </ClCompile>
    <ClCompile Include="Camera.cpp">
      <Filter>Camera</Filter>
    </ClCompile>
    <ClCompile Include="FSound.cpp">
      <Filter>Sound</Filter>
    </ClCompile>
    <ClCompile Include="Difficulties.cpp">
      <Filter>Game</Filter>
    </ClCompile>
    <ClCompile Include="SkyBox.cpp">
      <Filter>Skybox</Filter>
    </ClCompile>
    <ClCompile Include="GameTimer.cpp">
      <Filter>Game</Filter>
    </ClCompile>
    <ClCompile Include="PUSplitBall.cpp">
      <Filter>Powerups</Filter>
    </ClCompile>
    <ClCompile Include="PUScatterBall.cpp">
      <Filter>Powerups</Filter>
    </ClCompile>
    <ClCompile Include="PUExplosiveBall.cpp">
      <Filter>Powerups</Filter>
    </ClCompile>
    <ClCompile Include="PUOneDown.cpp">
      <Filter>Powerups</Filter>
    </ClCompile>
    <ClCompile Include="PUOneUp.cpp">
      <Filter>Powerups</Filter>
    </ClCompile>
    <ClCompile Include="ExpBlock.cpp">
      <Filter>Object</Filter>
    </ClCompile>
    <ClCompile Include="InstructionScreen.cpp">
      <Filter>Scene</Filter>
    </ClCompile>
    <ClCompile Include="Menu.cpp">
      <Filter>Scene</Filter>
    </ClCompile>
    <ClCompile Include="Scene.cpp">
      <Filter>Scene</Filter>
    </ClCompile>
    <ClCompile Include="SceneObserver.cpp">
      <Filter>Scene</Filter>
    </ClCompile>
    <ClCompile Include="WinScreen.cpp">
      <Filter>Scene</Filter>
    </ClCompile>
    <ClCompile Include="DeathScreen.cpp">
      <Filter>Scene</Filter>
    </ClCompile>
    <ClCompile Include="GameTimer.cpp">
      <Filter>Game</Filter>
    </ClCompile>
    <ClCompile Include="HighScore.cpp">
      <Filter>Scene</Filter>
    </ClCompile>
    <ClCompile Include="D3DFont.cpp">
      <Filter>Text</Filter>
    </ClCompile>
    <ClCompile Include="D3DTextDevice.cpp">
      <Filter>Text</Filter>
    </ClCompile>
    <ClCompile Include="HardBlock.cpp" />
  </ItemGroup>
  <ItemGroup>
    <ClInclude Include="Buffer.h">
      <Filter>D3D\Header</Filter>
    </ClInclude>
    <ClInclude Include="d3dApp.h">
      <Filter>D3D\Header</Filter>
    </ClInclude>
    <ClInclude Include="d3dUtil.h">
      <Filter>D3D\Header</Filter>
    </ClInclude>
    <ClInclude Include="Direct3D.h">
      <Filter>D3D\Header</Filter>
    </ClInclude>
    <ClInclude Include="Shader.h">
      <Filter>D3D\Header</Filter>
    </ClInclude>
    <ClInclude Include="Player.h">
      <Filter>Game\Header</Filter>
    </ClInclude>
    <ClInclude Include="WinHID.h">
      <Filter>WinHID\Header</Filter>
    </ClInclude>
    <ClInclude Include="WinKeyboard.h">
      <Filter>WinHID\Header</Filter>
    </ClInclude>
    <ClInclude Include="WinMouse.h">
      <Filter>WinHID\Header</Filter>
    </ClInclude>
    <ClInclude Include="HIDObservable.h">
      <Filter>Observer\Header</Filter>
    </ClInclude>
    <ClInclude Include="Observer.h">
      <Filter>Observer\Header</Filter>
    </ClInclude>
    <ClInclude Include="AABB.h">
      <Filter>Object\Header</Filter>
    </ClInclude>
    <ClInclude Include="ABlock.h">
      <Filter>Object\Header</Filter>
    </ClInclude>
    <ClInclude Include="Ball.h">
      <Filter>Object\Header</Filter>
    </ClInclude>
    <ClInclude Include="Block.h">
      <Filter>Object\Header</Filter>
    </ClInclude>
    <ClInclude Include="BoundingVolume.h">
      <Filter>Object\Header</Filter>
    </ClInclude>
    <ClInclude Include="Object.h">
      <Filter>Object\Header</Filter>
    </ClInclude>
    <ClInclude Include="Pad.h">
      <Filter>Object\Header</Filter>
    </ClInclude>
    <ClInclude Include="Sphere.h">
      <Filter>Object\Header</Filter>
    </ClInclude>
    <ClInclude Include="Game.h">
      <Filter>Game\Header</Filter>
    </ClInclude>
    <ClInclude Include="LevelGenerator.h">
      <Filter>Level\Header</Filter>
    </ClInclude>
    <ClInclude Include="PlayField.h">
      <Filter>Level\Header</Filter>
    </ClInclude>
    <ClInclude Include="D3DTexture.h">
      <Filter>Texture\Header</Filter>
    </ClInclude>
    <ClInclude Include="WICTextureLoader.h">
      <Filter>Texture\Header</Filter>
    </ClInclude>
    <ClInclude Include="PowerUp.h">
      <Filter>Powerups\Header</Filter>
    </ClInclude>
    <ClInclude Include="PowerUpInclude.h">
      <Filter>Powerups\Header</Filter>
    </ClInclude>
    <ClInclude Include="PUSlowerBall.h">
      <Filter>Powerups\Header</Filter>
    </ClInclude>
    <ClInclude Include="PUSmallerPad.h">
      <Filter>Powerups\Header</Filter>
    </ClInclude>
    <ClInclude Include="PUStickyPad.h">
      <Filter>Powerups\Header</Filter>
    </ClInclude>
    <ClInclude Include="PUObserver.h">
      <Filter>Powerups\Observer\Header</Filter>
    </ClInclude>
    <ClInclude Include="PUObservable.h">
      <Filter>Powerups\Observer\Header</Filter>
    </ClInclude>
    <ClInclude Include="Camera.h">
      <Filter>Camera</Filter>
    </ClInclude>
    <ClInclude Include="FSound.h">
      <Filter>Sound</Filter>
    </ClInclude>
    <ClInclude Include="Difficulties.h">
      <Filter>Game\Header</Filter>
    </ClInclude>
    <ClInclude Include="SkyBox.h">
      <Filter>Skybox</Filter>
    </ClInclude>
    <ClInclude Include="GameTimer.h">
      <Filter>Game\Header</Filter>
    </ClInclude>
    <ClInclude Include="PUFasterBall.h">
      <Filter>Powerups\Header</Filter>
    </ClInclude>
    <ClInclude Include="PUBiggerPad.h">
      <Filter>Powerups\Header</Filter>
    </ClInclude>
    <ClInclude Include="PUSplitBall.h">
      <Filter>Powerups\Header</Filter>
    </ClInclude>
    <ClInclude Include="PUScatterBall.h">
      <Filter>Powerups\Header</Filter>
    </ClInclude>
    <ClInclude Include="PUOneUp.h">
      <Filter>Powerups\Header</Filter>
    </ClInclude>
    <ClInclude Include="PUOneDown.h">
      <Filter>Powerups\Header</Filter>
    </ClInclude>
    <ClInclude Include="PUExplosiveBall.h">
      <Filter>Powerups\Header</Filter>
    </ClInclude>
    <ClInclude Include="ExpBlock.h">
      <Filter>Object\Header</Filter>
    </ClInclude>
    <ClInclude Include="DeathScreen.h">
      <Filter>Scene\Header</Filter>
    </ClInclude>
    <ClInclude Include="InstructionScreen.h">
      <Filter>Scene\Header</Filter>
    </ClInclude>
    <ClInclude Include="Menu.h">
      <Filter>Scene\Header</Filter>
    </ClInclude>
    <ClInclude Include="Scene.h">
      <Filter>Scene\Header</Filter>
    </ClInclude>
    <ClInclude Include="SceneInclude.h">
      <Filter>Scene\Header</Filter>
    </ClInclude>
    <ClInclude Include="SceneObserver.h">
      <Filter>Scene\Header</Filter>
    </ClInclude>
    <ClInclude Include="WinScreen.h">
      <Filter>Scene\Header</Filter>
    </ClInclude>
    <ClInclude Include="GameTimer.h">
      <Filter>Game\Header</Filter>
    </ClInclude>
    <ClInclude Include="HighScore.h">
      <Filter>Scene\Header</Filter>
    </ClInclude>
    <ClInclude Include="D3DFont.h">
      <Filter>Text\header</Filter>
    </ClInclude>
    <ClInclude Include="D3DTextDevice.h">
      <Filter>Text\header</Filter>
    </ClInclude>
    <ClInclude Include="HardBlock.h" />
  </ItemGroup>
  <ItemGroup>
    <Filter Include="D3D">
      <UniqueIdentifier>{2ef572bd-cc80-4547-afca-14e5711abf44}</UniqueIdentifier>
    </Filter>
    <Filter Include="Game">
      <UniqueIdentifier>{1273bd4a-2c40-4072-a327-3652bbe8e1b2}</UniqueIdentifier>
    </Filter>
    <Filter Include="Object">
      <UniqueIdentifier>{4db39609-7d16-4678-8b63-4e5d8576f062}</UniqueIdentifier>
    </Filter>
    <Filter Include="Observer">
      <UniqueIdentifier>{6e3c851d-038a-4288-88aa-0eab29e697c9}</UniqueIdentifier>
    </Filter>
    <Filter Include="WinHID">
      <UniqueIdentifier>{e3ac17a9-57ce-4a80-9c68-c5fc770c87bb}</UniqueIdentifier>
    </Filter>
    <Filter Include="D3D\Header">
      <UniqueIdentifier>{7b5cea91-ba34-45c0-8672-67f1adbf9a10}</UniqueIdentifier>
    </Filter>
    <Filter Include="D3D\HLSL">
      <UniqueIdentifier>{56583c27-8b89-4141-9834-3840b5daa692}</UniqueIdentifier>
    </Filter>
    <Filter Include="Game\Header">
      <UniqueIdentifier>{b3de783b-adde-4851-97c9-bb6849de7cdb}</UniqueIdentifier>
    </Filter>
    <Filter Include="WinHID\Header">
      <UniqueIdentifier>{580efcc4-a2c3-4d95-b9c0-9ad7c51b9bc1}</UniqueIdentifier>
    </Filter>
    <Filter Include="Observer\Header">
      <UniqueIdentifier>{db9386cc-da38-45b9-9112-3d0250a57e4a}</UniqueIdentifier>
    </Filter>
    <Filter Include="Object\Header">
      <UniqueIdentifier>{8d8e02c2-0d70-46b6-9731-b35f3bc9cb06}</UniqueIdentifier>
    </Filter>
    <Filter Include="Level">
      <UniqueIdentifier>{70dbb232-7fd7-4847-806e-e141ff47c9b2}</UniqueIdentifier>
    </Filter>
    <Filter Include="Level\Header">
      <UniqueIdentifier>{4483bfe0-6c58-4580-86d0-10116030b12f}</UniqueIdentifier>
    </Filter>
    <Filter Include="Texture">
      <UniqueIdentifier>{bf6ade55-0ff8-4ae4-9064-ad04cd7503f8}</UniqueIdentifier>
    </Filter>
    <Filter Include="Texture\Header">
      <UniqueIdentifier>{558f0cb8-a03a-4879-a60e-ff6a70250569}</UniqueIdentifier>
    </Filter>
    <Filter Include="Powerups">
      <UniqueIdentifier>{90ab3f4d-fbcc-405e-8bc8-57a5f6b76e34}</UniqueIdentifier>
    </Filter>
    <Filter Include="Powerups\Observer">
      <UniqueIdentifier>{6d249596-b1bf-482b-a78d-dc52117e61f5}</UniqueIdentifier>
    </Filter>
    <Filter Include="Powerups\Header">
      <UniqueIdentifier>{8fd9721a-e9c4-4092-b6b0-a230d950e175}</UniqueIdentifier>
    </Filter>
    <Filter Include="Powerups\Observer\Header">
      <UniqueIdentifier>{69cc8dde-fe50-4e5d-a2c1-34bcd03b89ac}</UniqueIdentifier>
    </Filter>
    <Filter Include="Camera">
      <UniqueIdentifier>{6c99f87a-11b3-4ebd-9d9a-c6a38068c5ab}</UniqueIdentifier>
    </Filter>
    <Filter Include="Sound">
      <UniqueIdentifier>{af270f20-5168-47ff-a7b5-1921e3900a91}</UniqueIdentifier>
    </Filter>
    <Filter Include="Skybox">
      <UniqueIdentifier>{b668d91f-a70e-415e-8b6b-f1344b7da20f}</UniqueIdentifier>
    </Filter>
    <Filter Include="Scene">
      <UniqueIdentifier>{b6c972f7-22ce-4a48-a468-e954e5fe28ee}</UniqueIdentifier>
    </Filter>
    <Filter Include="Scene\Header">
      <UniqueIdentifier>{a4283d87-8dde-408f-b7db-695f2f66b84f}</UniqueIdentifier>
    </Filter>
    <Filter Include="Text">
      <UniqueIdentifier>{aaf0cfb3-9765-4700-baac-448de130604f}</UniqueIdentifier>
    </Filter>
    <Filter Include="Text\header">
      <UniqueIdentifier>{243aa03c-163c-41d6-81a4-f1341ee6db2c}</UniqueIdentifier>
    </Filter>
  </ItemGroup>
</Project>