<?xml version="1.0" encoding="utf-8"?>
<Project ToolsVersion="4.0" xmlns="http://schemas.microsoft.com/developer/msbuild/2003">
  <ItemGroup>
    <ClCompile Include="GameTimer.cpp" />
    <ClCompile Include="WinHID.cpp">
      <Filter>WinHID</Filter>
    </ClCompile>
    <ClCompile Include="WinKeyboard.cpp">
      <Filter>WinHID</Filter>
    </ClCompile>
    <ClCompile Include="WinMouse.cpp">
      <Filter>WinHID</Filter>
    </ClCompile>
    <ClCompile Include="Buffer.cpp">
      <Filter>D3D</Filter>
    </ClCompile>
    <ClCompile Include="d3dApp.cpp">
      <Filter>D3D</Filter>
    </ClCompile>
    <ClCompile Include="Direct3D.cpp">
      <Filter>D3D</Filter>
    </ClCompile>
    <ClCompile Include="HIDObservable.cpp">
      <Filter>Observer</Filter>
    </ClCompile>
    <ClCompile Include="Observer.cpp">
      <Filter>Observer</Filter>
    </ClCompile>
    <ClCompile Include="Game.cpp">
      <Filter>Game</Filter>
    </ClCompile>
    <ClCompile Include="Shader.cpp">
      <Filter>D3D</Filter>
    </ClCompile>
    <ClCompile Include="Pad.cpp">
      <Filter>Object</Filter>
    </ClCompile>
    <ClCompile Include="Object.cpp">
      <Filter>Object</Filter>
    </ClCompile>
    <ClCompile Include="Player.cpp">
      <Filter>Game</Filter>
    </ClCompile>
    <ClCompile Include="ABlock.cpp">
      <Filter>Object</Filter>
    </ClCompile>
    <ClCompile Include="Block.cpp">
      <Filter>Object</Filter>
    </ClCompile>
  </ItemGroup>
  <ItemGroup>
    <ClInclude Include="GameTimer.h" />
    <ClInclude Include="WinHID.h">
      <Filter>WinHID\Header</Filter>
    </ClInclude>
    <ClInclude Include="WinKeyboard.h">
      <Filter>WinHID\Header</Filter>
    </ClInclude>
    <ClInclude Include="WinMouse.h">
      <Filter>WinHID\Header</Filter>
    </ClInclude>
    <ClInclude Include="Buffer.h">
      <Filter>D3D\Header</Filter>
    </ClInclude>
    <ClInclude Include="d3dApp.h">
      <Filter>D3D\Header</Filter>
    </ClInclude>
    <ClInclude Include="d3dUtil.h">
      <Filter>D3D\Header</Filter>
    </ClInclude>
    <ClInclude Include="HIDObservable.h">
      <Filter>Observer\Header</Filter>
    </ClInclude>
    <ClInclude Include="Observer.h">
      <Filter>Observer\Header</Filter>
    </ClInclude>
    <ClInclude Include="Shader.h">
      <Filter>D3D\Header</Filter>
    </ClInclude>
    <ClInclude Include="Vector2.h" />
    <ClInclude Include="Direct3D.h">
      <Filter>D3D\Header</Filter>
    </ClInclude>
    <ClInclude Include="Game.h">
      <Filter>Game\Header</Filter>
    </ClInclude>
    <ClInclude Include="Player.h">
      <Filter>Game\Header</Filter>
    </ClInclude>
    <ClInclude Include="Object.h">
      <Filter>Object\Header</Filter>
    </ClInclude>
    <ClInclude Include="Pad.h">
      <Filter>Object\Header</Filter>
    </ClInclude>
    <ClInclude Include="ABlock.h">
      <Filter>Object\Header</Filter>
    </ClInclude>
    <ClInclude Include="Block.h">
      <Filter>Object\Header</Filter>
    </ClInclude>
  </ItemGroup>
  <ItemGroup>
    <Filter Include="WinHID">
      <UniqueIdentifier>{aa1c9cd3-60d9-4a2d-9b40-0a34331255dc}</UniqueIdentifier>
    </Filter>
    <Filter Include="WinHID\Header">
      <UniqueIdentifier>{c0764072-c868-4844-949e-7c866070c92a}</UniqueIdentifier>
    </Filter>
    <Filter Include="D3D">
      <UniqueIdentifier>{332d5842-ee6c-4548-9e39-029c8573fba2}</UniqueIdentifier>
    </Filter>
    <Filter Include="D3D\Header">
      <UniqueIdentifier>{e2eebf41-d4c4-4ded-bbcb-a32041ed54c5}</UniqueIdentifier>
    </Filter>
    <Filter Include="Observer">
      <UniqueIdentifier>{ab2d1e55-56e5-4d42-a8f0-8a400cd2a333}</UniqueIdentifier>
    </Filter>
    <Filter Include="Observer\Header">
      <UniqueIdentifier>{351ec317-c87b-4ad1-bec9-9581e99e2c09}</UniqueIdentifier>
    </Filter>
    <Filter Include="Game">
      <UniqueIdentifier>{9d23e35c-90e9-4622-b80c-57135522e446}</UniqueIdentifier>
    </Filter>
    <Filter Include="D3D\HLSL">
      <UniqueIdentifier>{7f76d2f9-d72b-4920-b2f7-39840a8e96dc}</UniqueIdentifier>
    </Filter>
    <Filter Include="Object">
      <UniqueIdentifier>{0a4a4e6d-ba04-41ae-bfa0-9a14108d9b47}</UniqueIdentifier>
    </Filter>
    <Filter Include="Game\Header">
      <UniqueIdentifier>{d4019c1a-f611-4ba5-a812-bf8f062851d6}</UniqueIdentifier>
    </Filter>
    <Filter Include="Object\Header">
      <UniqueIdentifier>{6b478a8c-7325-4c79-b254-b4a5160ae9e8}</UniqueIdentifier>
    </Filter>
  </ItemGroup>
  <ItemGroup>
    <FxCompile Include="GeometryShader.fx">
      <Filter>D3D\HLSL</Filter>
    </FxCompile>
    <FxCompile Include="PixelShader.fx">
      <Filter>D3D\HLSL</Filter>
    </FxCompile>
    <FxCompile Include="VertexShader.fx">
      <Filter>D3D\HLSL</Filter>
    </FxCompile>
    <FxCompile Include="BlockShader.fx">
      <Filter>D3D\HLSL</Filter>
    </FxCompile>
  </ItemGroup>
</Project>